
Microsoft Visual Studio Solution File, Format Version 12.00
# Visual Studio Version 17
VisualStudioVersion = 17.2.32616.157
MinimumVisualStudioVersion = 10.0.40219.1
Project("{FAE04EC0-301F-11D3-BF4B-00C04F79EFBC}") = "BlazorChallengeApp.Server", "BlazorChallengeApp\Server\BlazorChallengeApp.Server.csproj", "{42CD7F51-2CA0-4EC9-9B3C-CFEEAA10C6DB}"
EndProject
Project("{FAE04EC0-301F-11D3-BF4B-00C04F79EFBC}") = "BlazorChallengeApp.Client", "BlazorChallengeApp\Client\BlazorChallengeApp.Client.csproj", "{1F4B3415-05A2-4C20-BD39-C1D4B89E4F0B}"
EndProject
Project("{FAE04EC0-301F-11D3-BF4B-00C04F79EFBC}") = "BlazorChallengeApp.Shared", "BlazorChallengeApp\Shared\BlazorChallengeApp.Shared.csproj", "{EA375FE5-8FDE-4D5B-80AD-98AFDB967C65}"
EndProject
Global
	GlobalSection(SolutionConfigurationPlatforms) = preSolution
		Debug|Any CPU = Debug|Any CPU
		Release|Any CPU = Release|Any CPU
	EndGlobalSection
	GlobalSection(ProjectConfigurationPlatforms) = postSolution
		{42CD7F51-2CA0-4EC9-9B3C-CFEEAA10C6DB}.Debug|Any CPU.ActiveCfg = Debug|Any CPU
		{42CD7F51-2CA0-4EC9-9B3C-CFEEAA10C6DB}.Debug|Any CPU.Build.0 = Debug|Any CPU
		{42CD7F51-2CA0-4EC9-9B3C-CFEEAA10C6DB}.Release|Any CPU.ActiveCfg = Release|Any CPU
		{42CD7F51-2CA0-4EC9-9B3C-CFEEAA10C6DB}.Release|Any CPU.Build.0 = Release|Any CPU
		{1F4B3415-05A2-4C20-BD39-C1D4B89E4F0B}.Debug|Any CPU.ActiveCfg = Debug|Any CPU
		{1F4B3415-05A2-4C20-BD39-C1D4B89E4F0B}.Debug|Any CPU.Build.0 = Debug|Any CPU
		{1F4B3415-05A2-4C20-BD39-C1D4B89E4F0B}.Release|Any CPU.ActiveCfg = Release|Any CPU
		{1F4B3415-05A2-4C20-BD39-C1D4B89E4F0B}.Release|Any CPU.Build.0 = Release|Any CPU
		{EA375FE5-8FDE-4D5B-80AD-98AFDB967C65}.Debug|Any CPU.ActiveCfg = Debug|Any CPU
		{EA375FE5-8FDE-4D5B-80AD-98AFDB967C65}.Debug|Any CPU.Build.0 = Debug|Any CPU
		{EA375FE5-8FDE-4D5B-80AD-98AFDB967C65}.Release|Any CPU.ActiveCfg = Release|Any CPU
		{EA375FE5-8FDE-4D5B-80AD-98AFDB967C65}.Release|Any CPU.Build.0 = Release|Any CPU
	EndGlobalSection
	GlobalSection(SolutionProperties) = preSolution
		HideSolutionNode = FALSE
	EndGlobalSection
	GlobalSection(ExtensibilityGlobals) = postSolution
		SolutionGuid = {D5824CA2-1E74-4A53-A26B-1BC3EF361B8A}
	EndGlobalSection
EndGlobal
